
Microsoft Visual Studio Solution File, Format Version 12.00
# Visual Studio Version 16
VisualStudioVersion = 16.0.30225.117
MinimumVisualStudioVersion = 10.0.40219.1
Project("{888888A0-9F3D-457C-B088-3A5042F75D52}") = "Django_mini_course", "Django_mini_course.pyproj", "{F4A8E32C-63E3-4048-BDF2-AEE20588F35E}"
EndProject
Global
	GlobalSection(SolutionConfigurationPlatforms) = preSolution
		Debug|Any CPU = Debug|Any CPU
		Release|Any CPU = Release|Any CPU
	EndGlobalSection
	GlobalSection(ProjectConfigurationPlatforms) = postSolution
		{F4A8E32C-63E3-4048-BDF2-AEE20588F35E}.Debug|Any CPU.ActiveCfg = Debug|Any CPU
		{F4A8E32C-63E3-4048-BDF2-AEE20588F35E}.Debug|Any CPU.Build.0 = Debug|Any CPU
		{F4A8E32C-63E3-4048-BDF2-AEE20588F35E}.Release|Any CPU.ActiveCfg = Release|Any CPU
		{F4A8E32C-63E3-4048-BDF2-AEE20588F35E}.Release|Any CPU.Build.0 = Release|Any CPU
	EndGlobalSection
	GlobalSection(SolutionProperties) = preSolution
		HideSolutionNode = FALSE
	EndGlobalSection
	GlobalSection(ExtensibilityGlobals) = postSolution
		SolutionGuid = {90D49434-8C29-48C7-B1CD-5488D1F40401}
	EndGlobalSection
EndGlobal
